
Microsoft Visual Studio Solution File, Format Version 12.00
# Visual Studio Version 17
VisualStudioVersion = 17.12.35527.113
MinimumVisualStudioVersion = 10.0.40219.1
Project("{FAE04EC0-301F-11D3-BF4B-00C04F79EFBC}") = "Coworking.API", "src\Coworking.API\Coworking.API.csproj", "{B333A904-1836-4A68-8565-35D13B464CC1}"
EndProject
Project("{FAE04EC0-301F-11D3-BF4B-00C04F79EFBC}") = "Coworking.Domain", "src\Coworking.Domain\Coworking.Domain.csproj", "{2941E4CF-B3C9-458D-9A82-A4A26905CC23}"
EndProject
Project("{2150E333-8FDC-42A3-9474-1A3956D46DE8}") = "API", "API", "{B843B6BA-9145-466C-B0FB-C2DDA493E0AB}"
EndProject
Project("{2150E333-8FDC-42A3-9474-1A3956D46DE8}") = "Domain", "Domain", "{D3E63ADD-C4EC-4224-9A1B-59C05E983D0C}"
EndProject
Project("{2150E333-8FDC-42A3-9474-1A3956D46DE8}") = "Common", "Common", "{B1C9DF56-9765-4B58-888F-AABC2A6B3DDD}"
EndProject
Project("{FAE04EC0-301F-11D3-BF4B-00C04F79EFBC}") = "Coworking.Common", "src\Coworking.Common\Coworking.Common.csproj", "{50492F06-F3F4-413E-82BE-E99BF55EF3C0}"
EndProject
Project("{2150E333-8FDC-42A3-9474-1A3956D46DE8}") = "Tests", "Tests", "{B17E39A3-02FE-4A3D-B295-6BA3D6317333}"
EndProject
Project("{2150E333-8FDC-42A3-9474-1A3956D46DE8}") = "Unit", "Unit", "{B5E3A59D-A10F-4C8F-86D3-1C5A0C7360B4}"
EndProject
Project("{2150E333-8FDC-42A3-9474-1A3956D46DE8}") = "Integration", "Integration", "{4E0CC97B-93D1-40DC-A07D-D1F677707ED7}"
EndProject
Project("{FAE04EC0-301F-11D3-BF4B-00C04F79EFBC}") = "Coworking.Unit", "tests\Coworking.Unit\Coworking.Unit.csproj", "{2F34E2DE-8DB0-44D4-A429-89DDBCF4C755}"
EndProject
Project("{2150E333-8FDC-42A3-9474-1A3956D46DE8}") = "Infrastructure", "Infrastructure", "{5D727862-6A3C-43C1-8DFC-E26FEF920A79}"
EndProject
Project("{FAE04EC0-301F-11D3-BF4B-00C04F79EFBC}") = "Coworking.Infra", "src\Coworking.Infra\Coworking.Infra.csproj", "{9EC05646-4B60-467A-A07E-1D0B3CA50D5A}"
EndProject
Project("{2150E333-8FDC-42A3-9474-1A3956D46DE8}") = "Aplication", "Aplication", "{2D17C110-AF02-43CA-9AE9-2D779E692671}"
EndProject
Project("{FAE04EC0-301F-11D3-BF4B-00C04F79EFBC}") = "Coworking.Aplication", "src\Coworking.Aplication\Coworking.Aplication.csproj", "{D2F07BE1-96F9-4BEE-91E2-ECE544FA88EE}"
EndProject
Project("{FAE04EC0-301F-11D3-BF4B-00C04F79EFBC}") = "Coworking.Integration", "tests\Coworking.Integration\Coworking.Integration.csproj", "{EBE76666-0AAA-4560-930B-B0A9ED0CE8B0}"
EndProject
Project("{2150E333-8FDC-42A3-9474-1A3956D46DE8}") = "MVC", "MVC", "{74E25575-253E-41AE-8B1C-914E868AD191}"
EndProject
Project("{FAE04EC0-301F-11D3-BF4B-00C04F79EFBC}") = "Coworking.Web", "src\Coworking.Web\Coworking.Web.csproj", "{F771A790-5593-4DA3-BA11-300B624740F4}"
EndProject
Global
	GlobalSection(SolutionConfigurationPlatforms) = preSolution
		Debug|Any CPU = Debug|Any CPU
		Release|Any CPU = Release|Any CPU
	EndGlobalSection
	GlobalSection(ProjectConfigurationPlatforms) = postSolution
		{B333A904-1836-4A68-8565-35D13B464CC1}.Debug|Any CPU.ActiveCfg = Debug|Any CPU
		{B333A904-1836-4A68-8565-35D13B464CC1}.Debug|Any CPU.Build.0 = Debug|Any CPU
		{B333A904-1836-4A68-8565-35D13B464CC1}.Release|Any CPU.ActiveCfg = Release|Any CPU
		{B333A904-1836-4A68-8565-35D13B464CC1}.Release|Any CPU.Build.0 = Release|Any CPU
		{2941E4CF-B3C9-458D-9A82-A4A26905CC23}.Debug|Any CPU.ActiveCfg = Debug|Any CPU
		{2941E4CF-B3C9-458D-9A82-A4A26905CC23}.Debug|Any CPU.Build.0 = Debug|Any CPU
		{2941E4CF-B3C9-458D-9A82-A4A26905CC23}.Release|Any CPU.ActiveCfg = Release|Any CPU
		{2941E4CF-B3C9-458D-9A82-A4A26905CC23}.Release|Any CPU.Build.0 = Release|Any CPU
		{50492F06-F3F4-413E-82BE-E99BF55EF3C0}.Debug|Any CPU.ActiveCfg = Debug|Any CPU
		{50492F06-F3F4-413E-82BE-E99BF55EF3C0}.Debug|Any CPU.Build.0 = Debug|Any CPU
		{50492F06-F3F4-413E-82BE-E99BF55EF3C0}.Release|Any CPU.ActiveCfg = Release|Any CPU
		{50492F06-F3F4-413E-82BE-E99BF55EF3C0}.Release|Any CPU.Build.0 = Release|Any CPU
		{2F34E2DE-8DB0-44D4-A429-89DDBCF4C755}.Debug|Any CPU.ActiveCfg = Debug|Any CPU
		{2F34E2DE-8DB0-44D4-A429-89DDBCF4C755}.Debug|Any CPU.Build.0 = Debug|Any CPU
		{2F34E2DE-8DB0-44D4-A429-89DDBCF4C755}.Release|Any CPU.ActiveCfg = Release|Any CPU
		{2F34E2DE-8DB0-44D4-A429-89DDBCF4C755}.Release|Any CPU.Build.0 = Release|Any CPU
		{9EC05646-4B60-467A-A07E-1D0B3CA50D5A}.Debug|Any CPU.ActiveCfg = Debug|Any CPU
		{9EC05646-4B60-467A-A07E-1D0B3CA50D5A}.Debug|Any CPU.Build.0 = Debug|Any CPU
		{9EC05646-4B60-467A-A07E-1D0B3CA50D5A}.Release|Any CPU.ActiveCfg = Release|Any CPU
		{9EC05646-4B60-467A-A07E-1D0B3CA50D5A}.Release|Any CPU.Build.0 = Release|Any CPU
		{D2F07BE1-96F9-4BEE-91E2-ECE544FA88EE}.Debug|Any CPU.ActiveCfg = Debug|Any CPU
		{D2F07BE1-96F9-4BEE-91E2-ECE544FA88EE}.Debug|Any CPU.Build.0 = Debug|Any CPU
		{D2F07BE1-96F9-4BEE-91E2-ECE544FA88EE}.Release|Any CPU.ActiveCfg = Release|Any CPU
		{D2F07BE1-96F9-4BEE-91E2-ECE544FA88EE}.Release|Any CPU.Build.0 = Release|Any CPU
		{EBE76666-0AAA-4560-930B-B0A9ED0CE8B0}.Debug|Any CPU.ActiveCfg = Debug|Any CPU
		{EBE76666-0AAA-4560-930B-B0A9ED0CE8B0}.Debug|Any CPU.Build.0 = Debug|Any CPU
		{EBE76666-0AAA-4560-930B-B0A9ED0CE8B0}.Release|Any CPU.ActiveCfg = Release|Any CPU
		{EBE76666-0AAA-4560-930B-B0A9ED0CE8B0}.Release|Any CPU.Build.0 = Release|Any CPU
		{F771A790-5593-4DA3-BA11-300B624740F4}.Debug|Any CPU.ActiveCfg = Debug|Any CPU
		{F771A790-5593-4DA3-BA11-300B624740F4}.Debug|Any CPU.Build.0 = Debug|Any CPU
		{F771A790-5593-4DA3-BA11-300B624740F4}.Release|Any CPU.ActiveCfg = Release|Any CPU
		{F771A790-5593-4DA3-BA11-300B624740F4}.Release|Any CPU.Build.0 = Release|Any CPU
	EndGlobalSection
	GlobalSection(SolutionProperties) = preSolution
		HideSolutionNode = FALSE
	EndGlobalSection
	GlobalSection(NestedProjects) = preSolution
		{B333A904-1836-4A68-8565-35D13B464CC1} = {B843B6BA-9145-466C-B0FB-C2DDA493E0AB}
		{2941E4CF-B3C9-458D-9A82-A4A26905CC23} = {D3E63ADD-C4EC-4224-9A1B-59C05E983D0C}
		{50492F06-F3F4-413E-82BE-E99BF55EF3C0} = {B1C9DF56-9765-4B58-888F-AABC2A6B3DDD}
		{B5E3A59D-A10F-4C8F-86D3-1C5A0C7360B4} = {B17E39A3-02FE-4A3D-B295-6BA3D6317333}
		{4E0CC97B-93D1-40DC-A07D-D1F677707ED7} = {B17E39A3-02FE-4A3D-B295-6BA3D6317333}
		{2F34E2DE-8DB0-44D4-A429-89DDBCF4C755} = {B5E3A59D-A10F-4C8F-86D3-1C5A0C7360B4}
		{9EC05646-4B60-467A-A07E-1D0B3CA50D5A} = {5D727862-6A3C-43C1-8DFC-E26FEF920A79}
		{D2F07BE1-96F9-4BEE-91E2-ECE544FA88EE} = {2D17C110-AF02-43CA-9AE9-2D779E692671}
		{EBE76666-0AAA-4560-930B-B0A9ED0CE8B0} = {4E0CC97B-93D1-40DC-A07D-D1F677707ED7}
		{F771A790-5593-4DA3-BA11-300B624740F4} = {74E25575-253E-41AE-8B1C-914E868AD191}
	EndGlobalSection
EndGlobal
